
Microsoft Visual Studio Solution File, Format Version 12.00
# Visual Studio Version 17
VisualStudioVersion = 17.0.31903.59
MinimumVisualStudioVersion = 10.0.40219.1
Project("{2150E333-8FDC-42A3-9474-1A3956D46DE8}") = "src", "src", "{827E0CD3-B72D-47B6-A68D-7590B98EB39B}"
EndProject
Project("{2150E333-8FDC-42A3-9474-1A3956D46DE8}") = "BuildingBlocks", "BuildingBlocks", "{90298CBA-BD6F-3A0A-69D5-97CAD7B05E7E}"
EndProject
Project("{FAE04EC0-301F-11D3-BF4B-00C04F79EFBC}") = "BuildingBlocks.Auth", "src\BuildingBlocks\BuildingBlocks.Auth\BuildingBlocks.Auth.csproj", "{BAFBAB11-6087-4FB9-A830-4F4DE994E929}"
EndProject
Project("{FAE04EC0-301F-11D3-BF4B-00C04F79EFBC}") = "BuildingBlocks.Contracts", "src\BuildingBlocks\BuildingBlocks.Contracts\BuildingBlocks.Contracts.csproj", "{1E943DFF-7DF7-4E6D-8459-39314DE5C8B9}"
EndProject
Project("{FAE04EC0-301F-11D3-BF4B-00C04F79EFBC}") = "BuildingBlocks.Messaging", "src\BuildingBlocks\BuildingBlocks.Messaging\BuildingBlocks.Messaging.csproj", "{3E4E7C1F-190C-427C-94BB-DAE1D5A3F8F5}"
EndProject
Project("{2150E333-8FDC-42A3-9474-1A3956D46DE8}") = "Services", "Services", "{984BB9B3-3FA3-BE33-9484-CAC21695A33C}"
EndProject
Project("{2150E333-8FDC-42A3-9474-1A3956D46DE8}") = "Campanhas", "Campanhas", "{C29C8908-2361-D50A-ADA4-6CC61D69AB0F}"
EndProject
Project("{FAE04EC0-301F-11D3-BF4B-00C04F79EFBC}") = "Campanhas.Api", "src\Services\Campanhas\Campanhas.Api\Campanhas.Api.csproj", "{B812B8B1-4DDA-4E11-A624-2C82425D9CBB}"
EndProject
Project("{FAE04EC0-301F-11D3-BF4B-00C04F79EFBC}") = "Campanhas.Domain", "src\Services\Campanhas\Campanhas.Domain\Campanhas.Domain.csproj", "{63DD5FA0-6191-470E-844E-FE95CAABDBFF}"
EndProject
Project("{FAE04EC0-301F-11D3-BF4B-00C04F79EFBC}") = "Campanhas.Infrastructure", "src\Services\Campanhas\Campanhas.Infrastructure\Campanhas.Infrastructure.csproj", "{D843D9F8-9144-44F4-A24A-D34EF59E09C4}"
EndProject
Project("{2150E333-8FDC-42A3-9474-1A3956D46DE8}") = "Doacoes", "Doacoes", "{9FD61BFF-574B-6848-8EFF-9486A085F09F}"
EndProject
Project("{FAE04EC0-301F-11D3-BF4B-00C04F79EFBC}") = "Doacoes.Api", "src\Services\Doacoes\Doacoes.Api\Doacoes.Api.csproj", "{69F81A01-FEE5-4096-AA58-0365976979F7}"
EndProject
Project("{FAE04EC0-301F-11D3-BF4B-00C04F79EFBC}") = "Doacoes.Worker", "src\Services\Doacoes\Doacoes.Worker\Doacoes.Worker.csproj", "{3E42E2B4-C8F6-4F31-A0F5-89F0005B8859}"
EndProject
Project("{2150E333-8FDC-42A3-9474-1A3956D46DE8}") = "Web", "Web", "{03997797-E7F5-0643-168D-B8EA7178C2FE}"
EndProject
Project("{FAE04EC0-301F-11D3-BF4B-00C04F79EFBC}") = "ConexaoSolidaria.Web", "src\Web\ConexaoSolidaria.Web\ConexaoSolidaria.Web.csproj", "{5E495E51-CECE-48C5-83A2-D863E0627B3B}"
EndProject
Project("{2150E333-8FDC-42A3-9474-1A3956D46DE8}") = "tests", "tests", "{0AB3BF05-4346-4AA6-1389-037BE0695223}"
EndProject
Project("{FAE04EC0-301F-11D3-BF4B-00C04F79EFBC}") = "Campanhas.Domain.Tests", "tests\Campanhas.Domain.Tests\Campanhas.Domain.Tests.csproj", "{5B95FEF1-C65D-44F6-911A-63950E42B4A0}"
EndProject
Project("{FAE04EC0-301F-11D3-BF4B-00C04F79EFBC}") = "Doacoes.Tests", "tests\Doacoes.Tests\Doacoes.Tests.csproj", "{56F1DD4D-4F11-4956-8772-6508CEBEE360}"
EndProject
Global
	GlobalSection(SolutionConfigurationPlatforms) = preSolution
		Debug|Any CPU = Debug|Any CPU
		Debug|x64 = Debug|x64
		Debug|x86 = Debug|x86
		Release|Any CPU = Release|Any CPU
		Release|x64 = Release|x64
		Release|x86 = Release|x86
	EndGlobalSection
	GlobalSection(ProjectConfigurationPlatforms) = postSolution
		{BAFBAB11-6087-4FB9-A830-4F4DE994E929}.Debug|Any CPU.ActiveCfg = Debug|Any CPU
		{BAFBAB11-6087-4FB9-A830-4F4DE994E929}.Debug|Any CPU.Build.0 = Debug|Any CPU
		{BAFBAB11-6087-4FB9-A830-4F4DE994E929}.Debug|x64.ActiveCfg = Debug|Any CPU
		{BAFBAB11-6087-4FB9-A830-4F4DE994E929}.Debug|x64.Build.0 = Debug|Any CPU
		{BAFBAB11-6087-4FB9-A830-4F4DE994E929}.Debug|x86.ActiveCfg = Debug|Any CPU
		{BAFBAB11-6087-4FB9-A830-4F4DE994E929}.Debug|x86.Build.0 = Debug|Any CPU
		{BAFBAB11-6087-4FB9-A830-4F4DE994E929}.Release|Any CPU.ActiveCfg = Release|Any CPU
		{BAFBAB11-6087-4FB9-A830-4F4DE994E929}.Release|Any CPU.Build.0 = Release|Any CPU
		{BAFBAB11-6087-4FB9-A830-4F4DE994E929}.Release|x64.ActiveCfg = Release|Any CPU
		{BAFBAB11-6087-4FB9-A830-4F4DE994E929}.Release|x64.Build.0 = Release|Any CPU
		{BAFBAB11-6087-4FB9-A830-4F4DE994E929}.Release|x86.ActiveCfg = Release|Any CPU
		{BAFBAB11-6087-4FB9-A830-4F4DE994E929}.Release|x86.Build.0 = Release|Any CPU
		{1E943DFF-7DF7-4E6D-8459-39314DE5C8B9}.Debug|Any CPU.ActiveCfg = Debug|Any CPU
		{1E943DFF-7DF7-4E6D-8459-39314DE5C8B9}.Debug|Any CPU.Build.0 = Debug|Any CPU
		{1E943DFF-7DF7-4E6D-8459-39314DE5C8B9}.Debug|x64.ActiveCfg = Debug|Any CPU
		{1E943DFF-7DF7-4E6D-8459-39314DE5C8B9}.Debug|x64.Build.0 = Debug|Any CPU
		{1E943DFF-7DF7-4E6D-8459-39314DE5C8B9}.Debug|x86.ActiveCfg = Debug|Any CPU
		{1E943DFF-7DF7-4E6D-8459-39314DE5C8B9}.Debug|x86.Build.0 = Debug|Any CPU
		{1E943DFF-7DF7-4E6D-8459-39314DE5C8B9}.Release|Any CPU.ActiveCfg = Release|Any CPU
		{1E943DFF-7DF7-4E6D-8459-39314DE5C8B9}.Release|Any CPU.Build.0 = Release|Any CPU
		{1E943DFF-7DF7-4E6D-8459-39314DE5C8B9}.Release|x64.ActiveCfg = Release|Any CPU
		{1E943DFF-7DF7-4E6D-8459-39314DE5C8B9}.Release|x64.Build.0 = Release|Any CPU
		{1E943DFF-7DF7-4E6D-8459-39314DE5C8B9}.Release|x86.ActiveCfg = Release|Any CPU
		{1E943DFF-7DF7-4E6D-8459-39314DE5C8B9}.Release|x86.Build.0 = Release|Any CPU
		{3E4E7C1F-190C-427C-94BB-DAE1D5A3F8F5}.Debug|Any CPU.ActiveCfg = Debug|Any CPU
		{3E4E7C1F-190C-427C-94BB-DAE1D5A3F8F5}.Debug|Any CPU.Build.0 = Debug|Any CPU
		{3E4E7C1F-190C-427C-94BB-DAE1D5A3F8F5}.Debug|x64.ActiveCfg = Debug|Any CPU
		{3E4E7C1F-190C-427C-94BB-DAE1D5A3F8F5}.Debug|x64.Build.0 = Debug|Any CPU
		{3E4E7C1F-190C-427C-94BB-DAE1D5A3F8F5}.Debug|x86.ActiveCfg = Debug|Any CPU
		{3E4E7C1F-190C-427C-94BB-DAE1D5A3F8F5}.Debug|x86.Build.0 = Debug|Any CPU
		{3E4E7C1F-190C-427C-94BB-DAE1D5A3F8F5}.Release|Any CPU.ActiveCfg = Release|Any CPU
		{3E4E7C1F-190C-427C-94BB-DAE1D5A3F8F5}.Release|Any CPU.Build.0 = Release|Any CPU
		{3E4E7C1F-190C-427C-94BB-DAE1D5A3F8F5}.Release|x64.ActiveCfg = Release|Any CPU
		{3E4E7C1F-190C-427C-94BB-DAE1D5A3F8F5}.Release|x64.Build.0 = Release|Any CPU
		{3E4E7C1F-190C-427C-94BB-DAE1D5A3F8F5}.Release|x86.ActiveCfg = Release|Any CPU
		{3E4E7C1F-190C-427C-94BB-DAE1D5A3F8F5}.Release|x86.Build.0 = Release|Any CPU
		{B812B8B1-4DDA-4E11-A624-2C82425D9CBB}.Debug|Any CPU.ActiveCfg = Debug|Any CPU
		{B812B8B1-4DDA-4E11-A624-2C82425D9CBB}.Debug|Any CPU.Build.0 = Debug|Any CPU
		{B812B8B1-4DDA-4E11-A624-2C82425D9CBB}.Debug|x64.ActiveCfg = Debug|Any CPU
		{B812B8B1-4DDA-4E11-A624-2C82425D9CBB}.Debug|x64.Build.0 = Debug|Any CPU
		{B812B8B1-4DDA-4E11-A624-2C82425D9CBB}.Debug|x86.ActiveCfg = Debug|Any CPU
		{B812B8B1-4DDA-4E11-A624-2C82425D9CBB}.Debug|x86.Build.0 = Debug|Any CPU
		{B812B8B1-4DDA-4E11-A624-2C82425D9CBB}.Release|Any CPU.ActiveCfg = Release|Any CPU
		{B812B8B1-4DDA-4E11-A624-2C82425D9CBB}.Release|Any CPU.Build.0 = Release|Any CPU
		{B812B8B1-4DDA-4E11-A624-2C82425D9CBB}.Release|x64.ActiveCfg = Release|Any CPU
		{B812B8B1-4DDA-4E11-A624-2C82425D9CBB}.Release|x64.Build.0 = Release|Any CPU
		{B812B8B1-4DDA-4E11-A624-2C82425D9CBB}.Release|x86.ActiveCfg = Release|Any CPU
		{B812B8B1-4DDA-4E11-A624-2C82425D9CBB}.Release|x86.Build.0 = Release|Any CPU
		{63DD5FA0-6191-470E-844E-FE95CAABDBFF}.Debug|Any CPU.ActiveCfg = Debug|Any CPU
		{63DD5FA0-6191-470E-844E-FE95CAABDBFF}.Debug|Any CPU.Build.0 = Debug|Any CPU
		{63DD5FA0-6191-470E-844E-FE95CAABDBFF}.Debug|x64.ActiveCfg = Debug|Any CPU
		{63DD5FA0-6191-470E-844E-FE95CAABDBFF}.Debug|x64.Build.0 = Debug|Any CPU
		{63DD5FA0-6191-470E-844E-FE95CAABDBFF}.Debug|x86.ActiveCfg = Debug|Any CPU
		{63DD5FA0-6191-470E-844E-FE95CAABDBFF}.Debug|x86.Build.0 = Debug|Any CPU
		{63DD5FA0-6191-470E-844E-FE95CAABDBFF}.Release|Any CPU.ActiveCfg = Release|Any CPU
		{63DD5FA0-6191-470E-844E-FE95CAABDBFF}.Release|Any CPU.Build.0 = Release|Any CPU
		{63DD5FA0-6191-470E-844E-FE95CAABDBFF}.Release|x64.ActiveCfg = Release|Any CPU
		{63DD5FA0-6191-470E-844E-FE95CAABDBFF}.Release|x64.Build.0 = Release|Any CPU
		{63DD5FA0-6191-470E-844E-FE95CAABDBFF}.Release|x86.ActiveCfg = Release|Any CPU
		{63DD5FA0-6191-470E-844E-FE95CAABDBFF}.Release|x86.Build.0 = Release|Any CPU
		{D843D9F8-9144-44F4-A24A-D34EF59E09C4}.Debug|Any CPU.ActiveCfg = Debug|Any CPU
		{D843D9F8-9144-44F4-A24A-D34EF59E09C4}.Debug|Any CPU.Build.0 = Debug|Any CPU
		{D843D9F8-9144-44F4-A24A-D34EF59E09C4}.Debug|x64.ActiveCfg = Debug|Any CPU
		{D843D9F8-9144-44F4-A24A-D34EF59E09C4}.Debug|x64.Build.0 = Debug|Any CPU
		{D843D9F8-9144-44F4-A24A-D34EF59E09C4}.Debug|x86.ActiveCfg = Debug|Any CPU
		{D843D9F8-9144-44F4-A24A-D34EF59E09C4}.Debug|x86.Build.0 = Debug|Any CPU
		{D843D9F8-9144-44F4-A24A-D34EF59E09C4}.Release|Any CPU.ActiveCfg = Release|Any CPU
		{D843D9F8-9144-44F4-A24A-D34EF59E09C4}.Release|Any CPU.Build.0 = Release|Any CPU
		{D843D9F8-9144-44F4-A24A-D34EF59E09C4}.Release|x64.ActiveCfg = Release|Any CPU
		{D843D9F8-9144-44F4-A24A-D34EF59E09C4}.Release|x64.Build.0 = Release|Any CPU
		{D843D9F8-9144-44F4-A24A-D34EF59E09C4}.Release|x86.ActiveCfg = Release|Any CPU
		{D843D9F8-9144-44F4-A24A-D34EF59E09C4}.Release|x86.Build.0 = Release|Any CPU
		{69F81A01-FEE5-4096-AA58-0365976979F7}.Debug|Any CPU.ActiveCfg = Debug|Any CPU
		{69F81A01-FEE5-4096-AA58-0365976979F7}.Debug|Any CPU.Build.0 = Debug|Any CPU
		{69F81A01-FEE5-4096-AA58-0365976979F7}.Debug|x64.ActiveCfg = Debug|Any CPU
		{69F81A01-FEE5-4096-AA58-0365976979F7}.Debug|x64.Build.0 = Debug|Any CPU
		{69F81A01-FEE5-4096-AA58-0365976979F7}.Debug|x86.ActiveCfg = Debug|Any CPU
		{69F81A01-FEE5-4096-AA58-0365976979F7}.Debug|x86.Build.0 = Debug|Any CPU
		{69F81A01-FEE5-4096-AA58-0365976979F7}.Release|Any CPU.ActiveCfg = Release|Any CPU
		{69F81A01-FEE5-4096-AA58-0365976979F7}.Release|Any CPU.Build.0 = Release|Any CPU
		{69F81A01-FEE5-4096-AA58-0365976979F7}.Release|x64.ActiveCfg = Release|Any CPU
		{69F81A01-FEE5-4096-AA58-0365976979F7}.Release|x64.Build.0 = Release|Any CPU
		{69F81A01-FEE5-4096-AA58-0365976979F7}.Release|x86.ActiveCfg = Release|Any CPU
		{69F81A01-FEE5-4096-AA58-0365976979F7}.Release|x86.Build.0 = Release|Any CPU
		{3E42E2B4-C8F6-4F31-A0F5-89F0005B8859}.Debug|Any CPU.ActiveCfg = Debug|Any CPU
		{3E42E2B4-C8F6-4F31-A0F5-89F0005B8859}.Debug|Any CPU.Build.0 = Debug|Any CPU
		{3E42E2B4-C8F6-4F31-A0F5-89F0005B8859}.Debug|x64.ActiveCfg = Debug|Any CPU
		{3E42E2B4-C8F6-4F31-A0F5-89F0005B8859}.Debug|x64.Build.0 = Debug|Any CPU
		{3E42E2B4-C8F6-4F31-A0F5-89F0005B8859}.Debug|x86.ActiveCfg = Debug|Any CPU
		{3E42E2B4-C8F6-4F31-A0F5-89F0005B8859}.Debug|x86.Build.0 = Debug|Any CPU
		{3E42E2B4-C8F6-4F31-A0F5-89F0005B8859}.Release|Any CPU.ActiveCfg = Release|Any CPU
		{3E42E2B4-C8F6-4F31-A0F5-89F0005B8859}.Release|Any CPU.Build.0 = Release|Any CPU
		{3E42E2B4-C8F6-4F31-A0F5-89F0005B8859}.Release|x64.ActiveCfg = Release|Any CPU
		{3E42E2B4-C8F6-4F31-A0F5-89F0005B8859}.Release|x64.Build.0 = Release|Any CPU
		{3E42E2B4-C8F6-4F31-A0F5-89F0005B8859}.Release|x86.ActiveCfg = Release|Any CPU
		{3E42E2B4-C8F6-4F31-A0F5-89F0005B8859}.Release|x86.Build.0 = Release|Any CPU
		{5E495E51-CECE-48C5-83A2-D863E0627B3B}.Debug|Any CPU.ActiveCfg = Debug|Any CPU
		{5E495E51-CECE-48C5-83A2-D863E0627B3B}.Debug|Any CPU.Build.0 = Debug|Any CPU
		{5E495E51-CECE-48C5-83A2-D863E0627B3B}.Debug|x64.ActiveCfg = Debug|Any CPU
		{5E495E51-CECE-48C5-83A2-D863E0627B3B}.Debug|x64.Build.0 = Debug|Any CPU
		{5E495E51-CECE-48C5-83A2-D863E0627B3B}.Debug|x86.ActiveCfg = Debug|Any CPU
		{5E495E51-CECE-48C5-83A2-D863E0627B3B}.Debug|x86.Build.0 = Debug|Any CPU
		{5E495E51-CECE-48C5-83A2-D863E0627B3B}.Release|Any CPU.ActiveCfg = Release|Any CPU
		{5E495E51-CECE-48C5-83A2-D863E0627B3B}.Release|Any CPU.Build.0 = Release|Any CPU
		{5E495E51-CECE-48C5-83A2-D863E0627B3B}.Release|x64.ActiveCfg = Release|Any CPU
		{5E495E51-CECE-48C5-83A2-D863E0627B3B}.Release|x64.Build.0 = Release|Any CPU
		{5E495E51-CECE-48C5-83A2-D863E0627B3B}.Release|x86.ActiveCfg = Release|Any CPU
		{5E495E51-CECE-48C5-83A2-D863E0627B3B}.Release|x86.Build.0 = Release|Any CPU
		{5B95FEF1-C65D-44F6-911A-63950E42B4A0}.Debug|Any CPU.ActiveCfg = Debug|Any CPU
		{5B95FEF1-C65D-44F6-911A-63950E42B4A0}.Debug|Any CPU.Build.0 = Debug|Any CPU
		{5B95FEF1-C65D-44F6-911A-63950E42B4A0}.Debug|x64.ActiveCfg = Debug|Any CPU
		{5B95FEF1-C65D-44F6-911A-63950E42B4A0}.Debug|x64.Build.0 = Debug|Any CPU
		{5B95FEF1-C65D-44F6-911A-63950E42B4A0}.Debug|x86.ActiveCfg = Debug|Any CPU
		{5B95FEF1-C65D-44F6-911A-63950E42B4A0}.Debug|x86.Build.0 = Debug|Any CPU
		{5B95FEF1-C65D-44F6-911A-63950E42B4A0}.Release|Any CPU.ActiveCfg = Release|Any CPU
		{5B95FEF1-C65D-44F6-911A-63950E42B4A0}.Release|Any CPU.Build.0 = Release|Any CPU
		{5B95FEF1-C65D-44F6-911A-63950E42B4A0}.Release|x64.ActiveCfg = Release|Any CPU
		{5B95FEF1-C65D-44F6-911A-63950E42B4A0}.Release|x64.Build.0 = Release|Any CPU
		{5B95FEF1-C65D-44F6-911A-63950E42B4A0}.Release|x86.ActiveCfg = Release|Any CPU
		{5B95FEF1-C65D-44F6-911A-63950E42B4A0}.Release|x86.Build.0 = Release|Any CPU
		{56F1DD4D-4F11-4956-8772-6508CEBEE360}.Debug|Any CPU.ActiveCfg = Debug|Any CPU
		{56F1DD4D-4F11-4956-8772-6508CEBEE360}.Debug|Any CPU.Build.0 = Debug|Any CPU
		{56F1DD4D-4F11-4956-8772-6508CEBEE360}.Debug|x64.ActiveCfg = Debug|Any CPU
		{56F1DD4D-4F11-4956-8772-6508CEBEE360}.Debug|x64.Build.0 = Debug|Any CPU
		{56F1DD4D-4F11-4956-8772-6508CEBEE360}.Debug|x86.ActiveCfg = Debug|Any CPU
		{56F1DD4D-4F11-4956-8772-6508CEBEE360}.Debug|x86.Build.0 = Debug|Any CPU
		{56F1DD4D-4F11-4956-8772-6508CEBEE360}.Release|Any CPU.ActiveCfg = Release|Any CPU
		{56F1DD4D-4F11-4956-8772-6508CEBEE360}.Release|Any CPU.Build.0 = Release|Any CPU
		{56F1DD4D-4F11-4956-8772-6508CEBEE360}.Release|x64.ActiveCfg = Release|Any CPU
		{56F1DD4D-4F11-4956-8772-6508CEBEE360}.Release|x64.Build.0 = Release|Any CPU
		{56F1DD4D-4F11-4956-8772-6508CEBEE360}.Release|x86.ActiveCfg = Release|Any CPU
		{56F1DD4D-4F11-4956-8772-6508CEBEE360}.Release|x86.Build.0 = Release|Any CPU
	EndGlobalSection
	GlobalSection(SolutionProperties) = preSolution
		HideSolutionNode = FALSE
	EndGlobalSection
	GlobalSection(NestedProjects) = preSolution
		{90298CBA-BD6F-3A0A-69D5-97CAD7B05E7E} = {827E0CD3-B72D-47B6-A68D-7590B98EB39B}
		{BAFBAB11-6087-4FB9-A830-4F4DE994E929} = {90298CBA-BD6F-3A0A-69D5-97CAD7B05E7E}
		{1E943DFF-7DF7-4E6D-8459-39314DE5C8B9} = {90298CBA-BD6F-3A0A-69D5-97CAD7B05E7E}
		{3E4E7C1F-190C-427C-94BB-DAE1D5A3F8F5} = {90298CBA-BD6F-3A0A-69D5-97CAD7B05E7E}
		{984BB9B3-3FA3-BE33-9484-CAC21695A33C} = {827E0CD3-B72D-47B6-A68D-7590B98EB39B}
		{C29C8908-2361-D50A-ADA4-6CC61D69AB0F} = {984BB9B3-3FA3-BE33-9484-CAC21695A33C}
		{B812B8B1-4DDA-4E11-A624-2C82425D9CBB} = {C29C8908-2361-D50A-ADA4-6CC61D69AB0F}
		{63DD5FA0-6191-470E-844E-FE95CAABDBFF} = {C29C8908-2361-D50A-ADA4-6CC61D69AB0F}
		{D843D9F8-9144-44F4-A24A-D34EF59E09C4} = {C29C8908-2361-D50A-ADA4-6CC61D69AB0F}
		{9FD61BFF-574B-6848-8EFF-9486A085F09F} = {984BB9B3-3FA3-BE33-9484-CAC21695A33C}
		{69F81A01-FEE5-4096-AA58-0365976979F7} = {9FD61BFF-574B-6848-8EFF-9486A085F09F}
		{3E42E2B4-C8F6-4F31-A0F5-89F0005B8859} = {9FD61BFF-574B-6848-8EFF-9486A085F09F}
		{03997797-E7F5-0643-168D-B8EA7178C2FE} = {827E0CD3-B72D-47B6-A68D-7590B98EB39B}
		{5E495E51-CECE-48C5-83A2-D863E0627B3B} = {03997797-E7F5-0643-168D-B8EA7178C2FE}
		{5B95FEF1-C65D-44F6-911A-63950E42B4A0} = {0AB3BF05-4346-4AA6-1389-037BE0695223}
		{56F1DD4D-4F11-4956-8772-6508CEBEE360} = {0AB3BF05-4346-4AA6-1389-037BE0695223}
	EndGlobalSection
EndGlobal
